// !$*UTF8*$!
{
	archiveVersion = 1;
	classes = {
	};
	objectVersion = 77;
	objects = {

/* Begin PBXBuildFile section */
		633C5F1C2E7FB88600CDD763 /* GoogleSignIn in Frameworks */ = {isa = PBXBuildFile; productRef = 633C5F1B2E7FB88600CDD763 /* GoogleSignIn */; };
		633C5F1E2E7FB88600CDD763 /* GoogleSignInSwift in Frameworks */ = {isa = PBXBuildFile; productRef = 633C5F1D2E7FB88600CDD763 /* GoogleSignInSwift */; };
		633C5F212E7FB96500CDD763 /* GoogleAPIClientForREST_Drive in Frameworks */ = {isa = PBXBuildFile; productRef = 633C5F202E7FB96500CDD763 /* GoogleAPIClientForREST_Drive */; };
/* End PBXBuildFile section */

/* Begin PBXContainerItemProxy section */
		63C82AE42E6F8823003D6F46 /* PBXContainerItemProxy */ = {
			isa = PBXContainerItemProxy;
			containerPortal = 63C82ACD2E6F8822003D6F46 /* Project object */;
			proxyType = 1;
			remoteGlobalIDString = 63C82AD42E6F8822003D6F46;
			remoteInfo = MardHelplineDEMO;
		};
		63C82AEE2E6F8823003D6F46 /* PBXContainerItemProxy */ = {
			isa = PBXContainerItemProxy;
			containerPortal = 63C82ACD2E6F8822003D6F46 /* Project object */;
			proxyType = 1;
			remoteGlobalIDString = 63C82AD42E6F8822003D6F46;
			remoteInfo = MardHelplineDEMO;
		};
/* End PBXContainerItemProxy section */

/* Begin PBXFileReference section */
		63C82AD52E6F8822003D6F46 /* MardHelplineDEMO.app */ = {isa = PBXFileReference; explicitFileType = wrapper.application; includeInIndex = 0; path = MardHelplineDEMO.app; sourceTree = BUILT_PRODUCTS_DIR; };
		63C82AE32E6F8823003D6F46 /* MardHelplineDEMOTests.xctest */ = {isa = PBXFileReference; explicitFileType = wrapper.cfbundle; includeInIndex = 0; path = MardHelplineDEMOTests.xctest; sourceTree = BUILT_PRODUCTS_DIR; };
		63C82AED2E6F8823003D6F46 /* MardHelplineDEMOUITests.xctest */ = {isa = PBXFileReference; explicitFileType = wrapper.cfbundle; includeInIndex = 0; path = MardHelplineDEMOUITests.xctest; sourceTree = BUILT_PRODUCTS_DIR; };
/* End PBXFileReference section */

/* Begin PBXFileSystemSynchronizedBuildFileExceptionSet section */
		633C5F252E7FBF8900CDD763 /* Exceptions for "MardHelplineDEMO" folder in "MardHelplineDEMO" target */ = {
			isa = PBXFileSystemSynchronizedBuildFileExceptionSet;
			membershipExceptions = (
				Info.plist,
			);
			target = 63C82AD42E6F8822003D6F46 /* MardHelplineDEMO */;
		};
/* End PBXFileSystemSynchronizedBuildFileExceptionSet section */

/* Begin PBXFileSystemSynchronizedRootGroup section */
		63C82AD72E6F8822003D6F46 /* MardHelplineDEMO */ = {
			isa = PBXFileSystemSynchronizedRootGroup;
			exceptions = (
				633C5F252E7FBF8900CDD763 /* Exceptions for "MardHelplineDEMO" folder in "MardHelplineDEMO" target */,
			);
			path = MardHelplineDEMO;
			sourceTree = "<group>";
		};
		63C82AE62E6F8823003D6F46 /* MardHelplineDEMOTests */ = {
			isa = PBXFileSystemSynchronizedRootGroup;
			path = MardHelplineDEMOTests;
			sourceTree = "<group>";
		};
		63C82AF02E6F8823003D6F46 /* MardHelplineDEMOUITests */ = {
			isa = PBXFileSystemSynchronizedRootGroup;
			path = MardHelplineDEMOUITests;
			sourceTree = "<group>";
		};
/* End PBXFileSystemSynchronizedRootGroup section */

/* Begin PBXFrameworksBuildPhase section */
		63C82AD22E6F8822003D6F46 /* Frameworks */ = {
			isa = PBXFrameworksBuildPhase;
			buildActionMask = 2147483647;
			files = (
				633C5F212E7FB96500CDD763 /* GoogleAPIClientForREST_Drive in Frameworks */,
				633C5F1C2E7FB88600CDD763 /* GoogleSignIn in Frameworks */,
				633C5F1E2E7FB88600CDD763 /* GoogleSignInSwift in Frameworks */,
			);
			runOnlyForDeploymentPostprocessing = 0;
		};
		63C82AE02E6F8823003D6F46 /* Frameworks */ = {
			isa = PBXFrameworksBuildPhase;
			buildActionMask = 2147483647;
			files = (
			);
			runOnlyForDeploymentPostprocessing = 0;
		};
		63C82AEA2E6F8823003D6F46 /* Frameworks */ = {
			isa = PBXFrameworksBuildPhase;
			buildActionMask = 2147483647;
			files = (
			);
			runOnlyForDeploymentPostprocessing = 0;
		};
/* End PBXFrameworksBuildPhase section */

/* Begin PBXGroup section */
		63C82ACC2E6F8821003D6F46 = {
			isa = PBXGroup;
			children = (
				63C82AD72E6F8822003D6F46 /* MardHelplineDEMO */,
				63C82AE62E6F8823003D6F46 /* MardHelplineDEMOTests */,
				63C82AF02E6F8823003D6F46 /* MardHelplineDEMOUITests */,
				63C82AD62E6F8822003D6F46 /* Products */,
			);
			sourceTree = "<group>";
		};
		63C82AD62E6F8822003D6F46 /* Products */ = {
			isa = PBXGroup;
			children = (
				63C82AD52E6F8822003D6F46 /* MardHelplineDEMO.app */,
				63C82AE32E6F8823003D6F46 /* MardHelplineDEMOTests.xctest */,
				63C82AED2E6F8823003D6F46 /* MardHelplineDEMOUITests.xctest */,
			);
			name = Products;
			sourceTree = "<group>";
		};
/* End PBXGroup section */

/* Begin PBXNativeTarget section */
		63C82AD42E6F8822003D6F46 /* MardHelplineDEMO */ = {
			isa = PBXNativeTarget;
			buildConfigurationList = 63C82AF72E6F8823003D6F46 /* Build configuration list for PBXNativeTarget "MardHelplineDEMO" */;
			buildPhases = (
				63C82AD12E6F8822003D6F46 /* Sources */,
				63C82AD22E6F8822003D6F46 /* Frameworks */,
				63C82AD32E6F8822003D6F46 /* Resources */,
			);
			buildRules = (
			);
			dependencies = (
			);
			fileSystemSynchronizedGroups = (
				63C82AD72E6F8822003D6F46 /* MardHelplineDEMO */,
			);
			name = MardHelplineDEMO;
			packageProductDependencies = (
				633C5F1B2E7FB88600CDD763 /* GoogleSignIn */,
				633C5F1D2E7FB88600CDD763 /* GoogleSignInSwift */,
				633C5F202E7FB96500CDD763 /* GoogleAPIClientForREST_Drive */,
			);
			productName = MardHelplineDEMO;
			productReference = 63C82AD52E6F8822003D6F46 /* MardHelplineDEMO.app */;
			productType = "com.apple.product-type.application";
		};
		63C82AE22E6F8823003D6F46 /* MardHelplineDEMOTests */ = {
			isa = PBXNativeTarget;
			buildConfigurationList = 63C82AFA2E6F8823003D6F46 /* Build configuration list for PBXNativeTarget "MardHelplineDEMOTests" */;
			buildPhases = (
				63C82ADF2E6F8823003D6F46 /* Sources */,
				63C82AE02E6F8823003D6F46 /* Frameworks */,
				63C82AE12E6F8823003D6F46 /* Resources */,
			);
			buildRules = (
			);
			dependencies = (
				63C82AE52E6F8823003D6F46 /* PBXTargetDependency */,
			);
			fileSystemSynchronizedGroups = (
				63C82AE62E6F8823003D6F46 /* MardHelplineDEMOTests */,
			);
			name = MardHelplineDEMOTests;
			packageProductDependencies = (
			);
			productName = MardHelplineDEMOTests;
			productReference = 63C82AE32E6F8823003D6F46 /* MardHelplineDEMOTests.xctest */;
			productType = "com.apple.product-type.bundle.unit-test";
		};
		63C82AEC2E6F8823003D6F46 /* MardHelplineDEMOUITests */ = {
			isa = PBXNativeTarget;
			buildConfigurationList = 63C82AFD2E6F8823003D6F46 /* Build configuration list for PBXNativeTarget "MardHelplineDEMOUITests" */;
			buildPhases = (
				63C82AE92E6F8823003D6F46 /* Sources */,
				63C82AEA2E6F8823003D6F46 /* Frameworks */,
				63C82AEB2E6F8823003D6F46 /* Resources */,
			);
			buildRules = (
			);
			dependencies = (
				63C82AEF2E6F8823003D6F46 /* PBXTargetDependency */,
			);
			fileSystemSynchronizedGroups = (
				63C82AF02E6F8823003D6F46 /* MardHelplineDEMOUITests */,
			);
			name = MardHelplineDEMOUITests;
			packageProductDependencies = (
			);
			productName = MardHelplineDEMOUITests;
			productReference = 63C82AED2E6F8823003D6F46 /* MardHelplineDEMOUITests.xctest */;
			productType = "com.apple.product-type.bundle.ui-testing";
		};
/* End PBXNativeTarget section */

/* Begin PBXProject section */
		63C82ACD2E6F8822003D6F46 /* Project object */ = {
			isa = PBXProject;
			attributes = {
				BuildIndependentTargetsInParallel = 1;
				LastSwiftUpdateCheck = 1640;
				LastUpgradeCheck = 1640;
				TargetAttributes = {
					63C82AD42E6F8822003D6F46 = {
						CreatedOnToolsVersion = 16.4;
					};
					63C82AE22E6F8823003D6F46 = {
						CreatedOnToolsVersion = 16.4;
						TestTargetID = 63C82AD42E6F8822003D6F46;
					};
					63C82AEC2E6F8823003D6F46 = {
						CreatedOnToolsVersion = 16.4;
						TestTargetID = 63C82AD42E6F8822003D6F46;
					};
				};
			};
			buildConfigurationList = 63C82AD02E6F8822003D6F46 /* Build configuration list for PBXProject "MardHelplineDEMO" */;
			developmentRegion = en;
			hasScannedForEncodings = 0;
			knownRegions = (
				en,
				Base,
			);
			mainGroup = 63C82ACC2E6F8821003D6F46;
			minimizedProjectReferenceProxies = 1;
			packageReferences = (
				633C5F1A2E7FB88600CDD763 /* XCRemoteSwiftPackageReference "GoogleSignIn-iOS" */,
				633C5F1F2E7FB96500CDD763 /* XCRemoteSwiftPackageReference "google-api-objectivec-client-for-rest" */,
			);
			preferredProjectObjectVersion = 77;
			productRefGroup = 63C82AD62E6F8822003D6F46 /* Products */;
			projectDirPath = "";
			projectRoot = "";
			targets = (
				63C82AD42E6F8822003D6F46 /* MardHelplineDEMO */,
				63C82AE22E6F8823003D6F46 /* MardHelplineDEMOTests */,
				63C82AEC2E6F8823003D6F46 /* MardHelplineDEMOUITests */,
			);
		};
/* End PBXProject section */

/* Begin PBXResourcesBuildPhase section */
		63C82AD32E6F8822003D6F46 /* Resources */ = {
			isa = PBXResourcesBuildPhase;
			buildActionMask = 2147483647;
			files = (
			);
			runOnlyForDeploymentPostprocessing = 0;
		};
		63C82AE12E6F8823003D6F46 /* Resources */ = {
			isa = PBXResourcesBuildPhase;
			buildActionMask = 2147483647;
			files = (
			);
			runOnlyForDeploymentPostprocessing = 0;
		};
		63C82AEB2E6F8823003D6F46 /* Resources */ = {
			isa = PBXResourcesBuildPhase;
			buildActionMask = 2147483647;
			files = (
			);
			runOnlyForDeploymentPostprocessing = 0;
		};
/* End PBXResourcesBuildPhase section */

/* Begin PBXSourcesBuildPhase section */
		63C82AD12E6F8822003D6F46 /* Sources */ = {
			isa = PBXSourcesBuildPhase;
			buildActionMask = 2147483647;
			files = (
			);
			runOnlyForDeploymentPostprocessing = 0;
		};
		63C82ADF2E6F8823003D6F46 /* Sources */ = {
			isa = PBXSourcesBuildPhase;
			buildActionMask = 2147483647;
			files = (
			);
			runOnlyForDeploymentPostprocessing = 0;
		};
		63C82AE92E6F8823003D6F46 /* Sources */ = {
			isa = PBXSourcesBuildPhase;
			buildActionMask = 2147483647;
			files = (
			);
			runOnlyForDeploymentPostprocessing = 0;
		};
/* End PBXSourcesBuildPhase section */

/* Begin PBXTargetDependency section */
		63C82AE52E6F8823003D6F46 /* PBXTargetDependency */ = {
			isa = PBXTargetDependency;
			target = 63C82AD42E6F8822003D6F46 /* MardHelplineDEMO */;
			targetProxy = 63C82AE42E6F8823003D6F46 /* PBXContainerItemProxy */;
		};
		63C82AEF2E6F8823003D6F46 /* PBXTargetDependency */ = {
			isa = PBXTargetDependency;
			target = 63C82AD42E6F8822003D6F46 /* MardHelplineDEMO */;
			targetProxy = 63C82AEE2E6F8823003D6F46 /* PBXContainerItemProxy */;
		};
/* End PBXTargetDependency section */

/* Begin XCBuildConfiguration section */
		63C82AF52E6F8823003D6F46 /* Debug */ = {
			isa = XCBuildConfiguration;
			buildSettings = {
				ALWAYS_SEARCH_USER_PATHS = NO;
				ASSETCATALOG_COMPILER_GENERATE_SWIFT_ASSET_SYMBOL_EXTENSIONS = YES;
				CLANG_ANALYZER_NONNULL = YES;
				CLANG_ANALYZER_NUMBER_OBJECT_CONVERSION = YES_AGGRESSIVE;
				CLANG_CXX_LANGUAGE_STANDARD = "gnu++20";
				CLANG_ENABLE_MODULES = YES;
				CLANG_ENABLE_OBJC_ARC = YES;
				CLANG_ENABLE_OBJC_WEAK = YES;
				CLANG_WARN_BLOCK_CAPTURE_AUTORELEASING = YES;
				CLANG_WARN_BOOL_CONVERSION = YES;
				CLANG_WARN_COMMA = YES;
				CLANG_WARN_CONSTANT_CONVERSION = YES;
				CLANG_WARN_DEPRECATED_OBJC_IMPLEMENTATIONS = YES;
				CLANG_WARN_DIRECT_OBJC_ISA_USAGE = YES_ERROR;
				CLANG_WARN_DOCUMENTATION_COMMENTS = YES;
				CLANG_WARN_EMPTY_BODY = YES;
				CLANG_WARN_ENUM_CONVERSION = YES;
				CLANG_WARN_INFINITE_RECURSION = YES;
				CLANG_WARN_INT_CONVERSION = YES;
				CLANG_WARN_NON_LITERAL_NULL_CONVERSION = YES;
				CLANG_WARN_OBJC_IMPLICIT_RETAIN_SELF = YES;
				CLANG_WARN_OBJC_LITERAL_CONVERSION = YES;
				CLANG_WARN_OBJC_ROOT_CLASS = YES_ERROR;
				CLANG_WARN_QUOTED_INCLUDE_IN_FRAMEWORK_HEADER = YES;
				CLANG_WARN_RANGE_LOOP_ANALYSIS = YES;
				CLANG_WARN_STRICT_PROTOTYPES = YES;
				CLANG_WARN_SUSPICIOUS_MOVE = YES;
				CLANG_WARN_UNGUARDED_AVAILABILITY = YES_AGGRESSIVE;
				CLANG_WARN_UNREACHABLE_CODE = YES;
				CLANG_WARN__DUPLICATE_METHOD_MATCH = YES;
				COPY_PHASE_STRIP = NO;
				DEBUG_INFORMATION_FORMAT = dwarf;
				ENABLE_STRICT_OBJC_MSGSEND = YES;
				ENABLE_TESTABILITY = YES;
				ENABLE_USER_SCRIPT_SANDBOXING = YES;
				GCC_C_LANGUAGE_STANDARD = gnu17;
				GCC_DYNAMIC_NO_PIC = NO;
				GCC_NO_COMMON_BLOCKS = YES;
				GCC_OPTIMIZATION_LEVEL = 0;
				GCC_PREPROCESSOR_DEFINITIONS = (
					"DEBUG=1",
					"$(inherited)",
				);
				GCC_WARN_64_TO_32_BIT_CONVERSION = YES;
				GCC_WARN_ABOUT_RETURN_TYPE = YES_ERROR;
				GCC_WARN_UNDECLARED_SELECTOR = YES;
				GCC_WARN_UNINITIALIZED_AUTOS = YES_AGGRESSIVE;
				GCC_WARN_UNUSED_FUNCTION = YES;
				GCC_WARN_UNUSED_VARIABLE = YES;
				LOCALIZATION_PREFERS_STRING_CATALOGS = YES;
				MTL_ENABLE_DEBUG_INFO = INCLUDE_SOURCE;
				MTL_FAST_MATH = YES;
				ONLY_ACTIVE_ARCH = YES;
				SWIFT_ACTIVE_COMPILATION_CONDITIONS = "DEBUG $(inherited)";
				SWIFT_OPTIMIZATION_LEVEL = "-Onone";
			};
			name = Debug;
		};
		63C82AF62E6F8823003D6F46 /* Release */ = {
			isa = XCBuildConfiguration;
			buildSettings = {
				ALWAYS_SEARCH_USER_PATHS = NO;
				ASSETCATALOG_COMPILER_GENERATE_SWIFT_ASSET_SYMBOL_EXTENSIONS = YES;
				CLANG_ANALYZER_NONNULL = YES;
				CLANG_ANALYZER_NUMBER_OBJECT_CONVERSION = YES_AGGRESSIVE;
				CLANG_CXX_LANGUAGE_STANDARD = "gnu++20";
				CLANG_ENABLE_MODULES = YES;
				CLANG_ENABLE_OBJC_ARC = YES;
				CLANG_ENABLE_OBJC_WEAK = YES;
				CLANG_WARN_BLOCK_CAPTURE_AUTORELEASING = YES;
				CLANG_WARN_BOOL_CONVERSION = YES;
				CLANG_WARN_COMMA = YES;
				CLANG_WARN_CONSTANT_CONVERSION = YES;
				CLANG_WARN_DEPRECATED_OBJC_IMPLEMENTATIONS = YES;
				CLANG_WARN_DIRECT_OBJC_ISA_USAGE = YES_ERROR;
				CLANG_WARN_DOCUMENTATION_COMMENTS = YES;
				CLANG_WARN_EMPTY_BODY = YES;
				CLANG_WARN_ENUM_CONVERSION = YES;
				CLANG_WARN_INFINITE_RECURSION = YES;
				CLANG_WARN_INT_CONVERSION = YES;
				CLANG_WARN_NON_LITERAL_NULL_CONVERSION = YES;
				CLANG_WARN_OBJC_IMPLICIT_RETAIN_SELF = YES;
				CLANG_WARN_OBJC_LITERAL_CONVERSION = YES;
				CLANG_WARN_OBJC_ROOT_CLASS = YES_ERROR;
				CLANG_WARN_QUOTED_INCLUDE_IN_FRAMEWORK_HEADER = YES;
				CLANG_WARN_RANGE_LOOP_ANALYSIS = YES;
				CLANG_WARN_STRICT_PROTOTYPES = YES;
				CLANG_WARN_SUSPICIOUS_MOVE = YES;
				CLANG_WARN_UNGUARDED_AVAILABILITY = YES_AGGRESSIVE;
				CLANG_WARN_UNREACHABLE_CODE = YES;
				CLANG_WARN__DUPLICATE_METHOD_MATCH = YES;
				COPY_PHASE_STRIP = NO;
				DEBUG_INFORMATION_FORMAT = "dwarf-with-dsym";
				ENABLE_NS_ASSERTIONS = NO;
				ENABLE_STRICT_OBJC_MSGSEND = YES;
				ENABLE_USER_SCRIPT_SANDBOXING = YES;
				GCC_C_LANGUAGE_STANDARD = gnu17;
				GCC_NO_COMMON_BLOCKS = YES;
				GCC_WARN_64_TO_32_BIT_CONVERSION = YES;
				GCC_WARN_ABOUT_RETURN_TYPE = YES_ERROR;
				GCC_WARN_UNDECLARED_SELECTOR = YES;
				GCC_WARN_UNINITIALIZED_AUTOS = YES_AGGRESSIVE;
				GCC_WARN_UNUSED_FUNCTION = YES;
				GCC_WARN_UNUSED_VARIABLE = YES;
				LOCALIZATION_PREFERS_STRING_CATALOGS = YES;
				MTL_ENABLE_DEBUG_INFO = NO;
				MTL_FAST_MATH = YES;
				SWIFT_COMPILATION_MODE = wholemodule;
			};
			name = Release;
		};
		63C82AF82E6F8823003D6F46 /* Debug */ = {
			isa = XCBuildConfiguration;
			buildSettings = {
				ASSETCATALOG_COMPILER_APPICON_NAME = AppIcon;
				ASSETCATALOG_COMPILER_GLOBAL_ACCENT_COLOR_NAME = AccentColor;
				CODE_SIGN_ENTITLEMENTS = MardHelplineDEMO/MardHelplineDEMO.entitlements;
				"CODE_SIGN_IDENTITY[sdk=macosx*]" = "Apple Development";
				CODE_SIGN_STYLE = Automatic;
				CURRENT_PROJECT_VERSION = 1;
				DEVELOPMENT_TEAM = RTY8WACW39;
				ENABLE_PREVIEWS = YES;
				GENERATE_INFOPLIST_FILE = YES;
				INFOPLIST_FILE = MardHelplineDEMO/Info.plist;
				INFOPLIST_KEY_NSCameraUsageDescription = "Mard Helpline needs camera access to record evidence videos for your safety";
				INFOPLIST_KEY_NSLocationAlwaysUsageDescription = "This app needs location access to share your current location with emergency contacts for safety purposes";
				INFOPLIST_KEY_NSLocationWhenInUseUsageDescription = "This app needs location access to share your current location with emergency contacts for safety purposes";
				INFOPLIST_KEY_NSMicrophoneUsageDescription = "Mard Helpline needs microphone access to record audio with evidence videos";
				INFOPLIST_KEY_NSPhotoLibraryAddUsageDescription = "Mard Helpline needs permission to save evidence videos and photos to your photo library";
				"INFOPLIST_KEY_UIApplicationSceneManifest_Generation[sdk=iphoneos*]" = YES;
				"INFOPLIST_KEY_UIApplicationSceneManifest_Generation[sdk=iphonesimulator*]" = YES;
				"INFOPLIST_KEY_UIApplicationSupportsIndirectInputEvents[sdk=iphoneos*]" = YES;
				"INFOPLIST_KEY_UIApplicationSupportsIndirectInputEvents[sdk=iphonesimulator*]" = YES;
				"INFOPLIST_KEY_UILaunchScreen_Generation[sdk=iphoneos*]" = YES;
				"INFOPLIST_KEY_UILaunchScreen_Generation[sdk=iphonesimulator*]" = YES;
				"INFOPLIST_KEY_UIStatusBarStyle[sdk=iphoneos*]" = UIStatusBarStyleDefault;
				"INFOPLIST_KEY_UIStatusBarStyle[sdk=iphonesimulator*]" = UIStatusBarStyleDefault;
				INFOPLIST_KEY_UISupportedInterfaceOrientations_iPad = "UIInterfaceOrientationPortrait UIInterfaceOrientationPortraitUpsideDown UIInterfaceOrientationLandscapeLeft UIInterfaceOrientationLandscapeRight";
				INFOPLIST_KEY_UISupportedInterfaceOrientations_iPhone = "UIInterfaceOrientationPortrait UIInterfaceOrientationLandscapeLeft UIInterfaceOrientationLandscapeRight";
				IPHONEOS_DEPLOYMENT_TARGET = 18.5;
				LD_RUNPATH_SEARCH_PATHS = "@executable_path/Frameworks";
				"LD_RUNPATH_SEARCH_PATHS[sdk=macosx*]" = "@executable_path/../Frameworks";
				MACOSX_DEPLOYMENT_TARGET = 15.5;
				MARKETING_VERSION = 1.0;
				PRODUCT_BUNDLE_IDENTIFIER = com.mard.MardHelplineDEMO..MardHelplineDEMO;
				PRODUCT_NAME = "$(TARGET_NAME)";
				REGISTER_APP_GROUPS = YES;
				SDKROOT = auto;
				SUPPORTED_PLATFORMS = "iphoneos iphonesimulator";
				SUPPORTS_MACCATALYST = NO;
				SWIFT_EMIT_LOC_STRINGS = YES;
				SWIFT_VERSION = 5.0;
				TARGETED_DEVICE_FAMILY = "1,2";
				XROS_DEPLOYMENT_TARGET = 2.5;
			};
			name = Debug;
		};
		63C82AF92E6F8823003D6F46 /* Release */ = {
			isa = XCBuildConfiguration;
			buildSettings = {
				ASSETCATALOG_COMPILER_APPICON_NAME = AppIcon;
				ASSETCATALOG_COMPILER_GLOBAL_ACCENT_COLOR_NAME = AccentColor;
				CODE_SIGN_ENTITLEMENTS = MardHelplineDEMO/MardHelplineDEMO.entitlements;
				"CODE_SIGN_IDENTITY[sdk=macosx*]" = "Apple Development";
				CODE_SIGN_STYLE = Automatic;
				CURRENT_PROJECT_VERSION = 1;
				DEVELOPMENT_TEAM = RTY8WACW39;
				ENABLE_PREVIEWS = YES;
				GENERATE_INFOPLIST_FILE = YES;
				INFOPLIST_FILE = MardHelplineDEMO/Info.plist;
				INFOPLIST_KEY_NSCameraUsageDescription = "Mard Helpline needs camera access to record evidence videos for your safety";
				INFOPLIST_KEY_NSLocationAlwaysUsageDescription = "This app needs location access to share your current location with emergency contacts for safety purposes";
				INFOPLIST_KEY_NSLocationWhenInUseUsageDescription = "This app needs location access to share your current location with emergency contacts for safety purposes";
				INFOPLIST_KEY_NSMicrophoneUsageDescription = "Mard Helpline needs microphone access to record audio with evidence videos";
				INFOPLIST_KEY_NSPhotoLibraryAddUsageDescription = "Mard Helpline needs permission to save evidence videos and photos to your photo library";
				"INFOPLIST_KEY_UIApplicationSceneManifest_Generation[sdk=iphoneos*]" = YES;
				"INFOPLIST_KEY_UIApplicationSceneManifest_Generation[sdk=iphonesimulator*]" = YES;
				"INFOPLIST_KEY_UIApplicationSupportsIndirectInputEvents[sdk=iphoneos*]" = YES;
				"INFOPLIST_KEY_UIApplicationSupportsIndirectInputEvents[sdk=iphonesimulator*]" = YES;
				"INFOPLIST_KEY_UILaunchScreen_Generation[sdk=iphoneos*]" = YES;
				"INFOPLIST_KEY_UILaunchScreen_Generation[sdk=iphonesimulator*]" = YES;
				"INFOPLIST_KEY_UIStatusBarStyle[sdk=iphoneos*]" = UIStatusBarStyleDefault;
				"INFOPLIST_KEY_UIStatusBarStyle[sdk=iphonesimulator*]" = UIStatusBarStyleDefault;
				INFOPLIST_KEY_UISupportedInterfaceOrientations_iPad = "UIInterfaceOrientationPortrait UIInterfaceOrientationPortraitUpsideDown UIInterfaceOrientationLandscapeLeft UIInterfaceOrientationLandscapeRight";
				INFOPLIST_KEY_UISupportedInterfaceOrientations_iPhone = "UIInterfaceOrientationPortrait UIInterfaceOrientationLandscapeLeft UIInterfaceOrientationLandscapeRight";
				IPHONEOS_DEPLOYMENT_TARGET = 18.5;
				LD_RUNPATH_SEARCH_PATHS = "@executable_path/Frameworks";
				"LD_RUNPATH_SEARCH_PATHS[sdk=macosx*]" = "@executable_path/../Frameworks";
				MACOSX_DEPLOYMENT_TARGET = 15.5;
				MARKETING_VERSION = 1.0;
				PRODUCT_BUNDLE_IDENTIFIER = com.mard.MardHelplineDEMO..MardHelplineDEMO;
				PRODUCT_NAME = "$(TARGET_NAME)";
				REGISTER_APP_GROUPS = YES;
				SDKROOT = auto;
				SUPPORTED_PLATFORMS = "iphoneos iphonesimulator";
				SUPPORTS_MACCATALYST = NO;
				SWIFT_EMIT_LOC_STRINGS = YES;
				SWIFT_VERSION = 5.0;
				TARGETED_DEVICE_FAMILY = "1,2";
				XROS_DEPLOYMENT_TARGET = 2.5;
			};
			name = Release;
		};
		63C82AFB2E6F8823003D6F46 /* Debug */ = {
			isa = XCBuildConfiguration;
			buildSettings = {
				BUNDLE_LOADER = "$(TEST_HOST)";
				CODE_SIGN_STYLE = Automatic;
				CURRENT_PROJECT_VERSION = 1;
				GENERATE_INFOPLIST_FILE = YES;
				IPHONEOS_DEPLOYMENT_TARGET = 18.5;
				MACOSX_DEPLOYMENT_TARGET = 15.5;
				MARKETING_VERSION = 1.0;
				PRODUCT_BUNDLE_IDENTIFIER = com.mard.MardHelplineDEMO..MardHelplineDEMOTests;
				PRODUCT_NAME = "$(TARGET_NAME)";
				SDKROOT = auto;
				SUPPORTED_PLATFORMS = "iphoneos iphonesimulator macosx xros xrsimulator";
				SWIFT_EMIT_LOC_STRINGS = NO;
				SWIFT_VERSION = 5.0;
				TARGETED_DEVICE_FAMILY = "1,2,7";
				TEST_HOST = "$(BUILT_PRODUCTS_DIR)/MardHelplineDEMO.app/$(BUNDLE_EXECUTABLE_FOLDER_PATH)/MardHelplineDEMO";
				XROS_DEPLOYMENT_TARGET = 2.5;
			};
			name = Debug;
		};
		63C82AFC2E6F8823003D6F46 /* Release */ = {
			isa = XCBuildConfiguration;
			buildSettings = {
				BUNDLE_LOADER = "$(TEST_HOST)";
				CODE_SIGN_STYLE = Automatic;
				CURRENT_PROJECT_VERSION = 1;
				GENERATE_INFOPLIST_FILE = YES;
				IPHONEOS_DEPLOYMENT_TARGET = 18.5;
				MACOSX_DEPLOYMENT_TARGET = 15.5;
				MARKETING_VERSION = 1.0;
				PRODUCT_BUNDLE_IDENTIFIER = com.mard.MardHelplineDEMO..MardHelplineDEMOTests;
				PRODUCT_NAME = "$(TARGET_NAME)";
				SDKROOT = auto;
				SUPPORTED_PLATFORMS = "iphoneos iphonesimulator macosx xros xrsimulator";
				SWIFT_EMIT_LOC_STRINGS = NO;
				SWIFT_VERSION = 5.0;
				TARGETED_DEVICE_FAMILY = "1,2,7";
				TEST_HOST = "$(BUILT_PRODUCTS_DIR)/MardHelplineDEMO.app/$(BUNDLE_EXECUTABLE_FOLDER_PATH)/MardHelplineDEMO";
				XROS_DEPLOYMENT_TARGET = 2.5;
			};
			name = Release;
		};
		63C82AFE2E6F8823003D6F46 /* Debug */ = {
			isa = XCBuildConfiguration;
			buildSettings = {
				CODE_SIGN_STYLE = Automatic;
				CURRENT_PROJECT_VERSION = 1;
				GENERATE_INFOPLIST_FILE = YES;
				IPHONEOS_DEPLOYMENT_TARGET = 18.5;
				MACOSX_DEPLOYMENT_TARGET = 15.5;
				MARKETING_VERSION = 1.0;
				PRODUCT_BUNDLE_IDENTIFIER = com.mard.MardHelplineDEMO..MardHelplineDEMOUITests;
				PRODUCT_NAME = "$(TARGET_NAME)";
				SDKROOT = auto;
				SUPPORTED_PLATFORMS = "iphoneos iphonesimulator macosx xros xrsimulator";
				SWIFT_EMIT_LOC_STRINGS = NO;
				SWIFT_VERSION = 5.0;
				TARGETED_DEVICE_FAMILY = "1,2,7";
				TEST_TARGET_NAME = MardHelplineDEMO;
				XROS_DEPLOYMENT_TARGET = 2.5;
			};
			name = Debug;
		};
		63C82AFF2E6F8823003D6F46 /* Release */ = {
			isa = XCBuildConfiguration;
			buildSettings = {
				CODE_SIGN_STYLE = Automatic;
				CURRENT_PROJECT_VERSION = 1;
				GENERATE_INFOPLIST_FILE = YES;
				IPHONEOS_DEPLOYMENT_TARGET = 18.5;
				MACOSX_DEPLOYMENT_TARGET = 15.5;
				MARKETING_VERSION = 1.0;
				PRODUCT_BUNDLE_IDENTIFIER = com.mard.MardHelplineDEMO..MardHelplineDEMOUITests;
				PRODUCT_NAME = "$(TARGET_NAME)";
				SDKROOT = auto;
				SUPPORTED_PLATFORMS = "iphoneos iphonesimulator macosx xros xrsimulator";
				SWIFT_EMIT_LOC_STRINGS = NO;
				SWIFT_VERSION = 5.0;
				TARGETED_DEVICE_FAMILY = "1,2,7";
				TEST_TARGET_NAME = MardHelplineDEMO;
				XROS_DEPLOYMENT_TARGET = 2.5;
			};
			name = Release;
		};
/* End XCBuildConfiguration section */

/* Begin XCConfigurationList section */
		63C82AD02E6F8822003D6F46 /* Build configuration list for PBXProject "MardHelplineDEMO" */ = {
			isa = XCConfigurationList;
			buildConfigurations = (
				63C82AF52E6F8823003D6F46 /* Debug */,
				63C82AF62E6F8823003D6F46 /* Release */,
			);
			defaultConfigurationIsVisible = 0;
			defaultConfigurationName = Release;
		};
		63C82AF72E6F8823003D6F46 /* Build configuration list for PBXNativeTarget "MardHelplineDEMO" */ = {
			isa = XCConfigurationList;
			buildConfigurations = (
				63C82AF82E6F8823003D6F46 /* Debug */,
				63C82AF92E6F8823003D6F46 /* Release */,
			);
			defaultConfigurationIsVisible = 0;
			defaultConfigurationName = Release;
		};
		63C82AFA2E6F8823003D6F46 /* Build configuration list for PBXNativeTarget "MardHelplineDEMOTests" */ = {
			isa = XCConfigurationList;
			buildConfigurations = (
				63C82AFB2E6F8823003D6F46 /* Debug */,
				63C82AFC2E6F8823003D6F46 /* Release */,
			);
			defaultConfigurationIsVisible = 0;
			defaultConfigurationName = Release;
		};
		63C82AFD2E6F8823003D6F46 /* Build configuration list for PBXNativeTarget "MardHelplineDEMOUITests" */ = {
			isa = XCConfigurationList;
			buildConfigurations = (
				63C82AFE2E6F8823003D6F46 /* Debug */,
				63C82AFF2E6F8823003D6F46 /* Release */,
			);
			defaultConfigurationIsVisible = 0;
			defaultConfigurationName = Release;
		};
/* End XCConfigurationList section */

/* Begin XCRemoteSwiftPackageReference section */
		633C5F1A2E7FB88600CDD763 /* XCRemoteSwiftPackageReference "GoogleSignIn-iOS" */ = {
			isa = XCRemoteSwiftPackageReference;
			repositoryURL = "https://github.com/google/GoogleSignIn-iOS";
			requirement = {
				kind = upToNextMajorVersion;
				minimumVersion = 9.0.0;
			};
		};
		633C5F1F2E7FB96500CDD763 /* XCRemoteSwiftPackageReference "google-api-objectivec-client-for-rest" */ = {
			isa = XCRemoteSwiftPackageReference;
			repositoryURL = "https://github.com/google/google-api-objectivec-client-for-rest";
			requirement = {
				branch = main;
				kind = branch;
			};
		};
/* End XCRemoteSwiftPackageReference section */

/* Begin XCSwiftPackageProductDependency section */
		633C5F1B2E7FB88600CDD763 /* GoogleSignIn */ = {
			isa = XCSwiftPackageProductDependency;
			package = 633C5F1A2E7FB88600CDD763 /* XCRemoteSwiftPackageReference "GoogleSignIn-iOS" */;
			productName = GoogleSignIn;
		};
		633C5F1D2E7FB88600CDD763 /* GoogleSignInSwift */ = {
			isa = XCSwiftPackageProductDependency;
			package = 633C5F1A2E7FB88600CDD763 /* XCRemoteSwiftPackageReference "GoogleSignIn-iOS" */;
			productName = GoogleSignInSwift;
		};
		633C5F202E7FB96500CDD763 /* GoogleAPIClientForREST_Drive */ = {
			isa = XCSwiftPackageProductDependency;
			package = 633C5F1F2E7FB96500CDD763 /* XCRemoteSwiftPackageReference "google-api-objectivec-client-for-rest" */;
			productName = GoogleAPIClientForREST_Drive;
		};
/* End XCSwiftPackageProductDependency section */
	};
	rootObject = 63C82ACD2E6F8822003D6F46 /* Project object */;
}
